// !$*UTF8*$!
{
	archiveVersion = 1;
	classes = {
	};
	objectVersion = 77;
	objects = {

/* Begin PBXBuildFile section */
		A10000010000000000000001 /* ObolApp.swift in Sources */ = {isa = PBXBuildFile; fileRef = A20000010000000000000001 /* ObolApp.swift */; };
		A10000010000000000000002 /* DaemonController.swift in Sources */ = {isa = PBXBuildFile; fileRef = A20000010000000000000002 /* DaemonController.swift */; };
		A10000010000000000000003 /* UsageClient.swift in Sources */ = {isa = PBXBuildFile; fileRef = A20000010000000000000003 /* UsageClient.swift */; };
		A10000010000000000000004 /* PopoverView.swift in Sources */ = {isa = PBXBuildFile; fileRef = A20000010000000000000004 /* PopoverView.swift */; };
		A10000010000000000000009 /* WidgetStyle.swift in Sources */ = {isa = PBXBuildFile; fileRef = A20000010000000000000009 /* WidgetStyle.swift */; };
		A10000010000000000000005 /* Notifier.swift in Sources */ = {isa = PBXBuildFile; fileRef = A20000010000000000000005 /* Notifier.swift */; };
		A10000010000000000000011 /* UpdateController.swift in Sources */ = {isa = PBXBuildFile; fileRef = A20000010000000000000011 /* UpdateController.swift */; };
		A10000010000000000000012 /* UpdateInstaller.swift in Sources */ = {isa = PBXBuildFile; fileRef = A20000010000000000000012 /* UpdateInstaller.swift */; };
		A10000010000000000000010 /* Assets.xcassets in Resources */ = {isa = PBXBuildFile; fileRef = A20000010000000000000010 /* Assets.xcassets */; };
		AB0000000000000000000001 /* ObolUpdateCore in Frameworks */ = {isa = PBXBuildFile; productRef = AA0000000000000000000002 /* ObolUpdateCore */; };
		AB0000000000000000000002 /* ReleaseClientTests.swift in Sources */ = {isa = PBXBuildFile; fileRef = A20000010000000000000021 /* ReleaseClientTests.swift */; };
		AB0000000000000000000003 /* ReleaseFeedTests.swift in Sources */ = {isa = PBXBuildFile; fileRef = A20000010000000000000022 /* ReleaseFeedTests.swift */; };
		AB0000000000000000000004 /* SemanticVersionTests.swift in Sources */ = {isa = PBXBuildFile; fileRef = A20000010000000000000023 /* SemanticVersionTests.swift */; };
		AB0000000000000000000005 /* BundleModule.swift in Sources */ = {isa = PBXBuildFile; fileRef = A20000010000000000000025 /* BundleModule.swift */; };
		AB0000000000000000000006 /* Fixtures in Resources */ = {isa = PBXBuildFile; fileRef = A20000010000000000000024 /* Fixtures */; };
		AB0000000000000000000007 /* ObolUpdateCore in Frameworks */ = {isa = PBXBuildFile; productRef = AA0000000000000000000003 /* ObolUpdateCore */; };
/* End PBXBuildFile section */

/* Begin PBXFileReference section */
		A20000010000000000000000 /* Obol.app */ = {isa = PBXFileReference; explicitFileType = wrapper.application; includeInIndex = 0; path = Obol.app; sourceTree = BUILT_PRODUCTS_DIR; };
		A20000010000000000000001 /* ObolApp.swift */ = {isa = PBXFileReference; lastKnownFileType = sourcecode.swift; path = ObolApp.swift; sourceTree = "<group>"; };
		A20000010000000000000002 /* DaemonController.swift */ = {isa = PBXFileReference; lastKnownFileType = sourcecode.swift; path = DaemonController.swift; sourceTree = "<group>"; };
		A20000010000000000000003 /* UsageClient.swift */ = {isa = PBXFileReference; lastKnownFileType = sourcecode.swift; path = UsageClient.swift; sourceTree = "<group>"; };
		A20000010000000000000004 /* PopoverView.swift */ = {isa = PBXFileReference; lastKnownFileType = sourcecode.swift; path = PopoverView.swift; sourceTree = "<group>"; };
		A20000010000000000000009 /* WidgetStyle.swift */ = {isa = PBXFileReference; lastKnownFileType = sourcecode.swift; path = WidgetStyle.swift; sourceTree = "<group>"; };
		A20000010000000000000005 /* Notifier.swift */ = {isa = PBXFileReference; lastKnownFileType = sourcecode.swift; path = Notifier.swift; sourceTree = "<group>"; };
		A20000010000000000000006 /* Info.plist */ = {isa = PBXFileReference; lastKnownFileType = text.plist.xml; path = Info.plist; sourceTree = "<group>"; };
		A20000010000000000000010 /* Assets.xcassets */ = {isa = PBXFileReference; lastKnownFileType = folder.assetcatalog; path = Assets.xcassets; sourceTree = "<group>"; };
		A20000010000000000000011 /* UpdateController.swift */ = {isa = PBXFileReference; lastKnownFileType = sourcecode.swift; path = UpdateController.swift; sourceTree = "<group>"; };
		A20000010000000000000012 /* UpdateInstaller.swift */ = {isa = PBXFileReference; lastKnownFileType = sourcecode.swift; path = UpdateInstaller.swift; sourceTree = "<group>"; };
		A20000010000000000000020 /* ObolUpdateCoreTests.xctest */ = {isa = PBXFileReference; explicitFileType = wrapper.cfbundle; includeInIndex = 0; path = ObolUpdateCoreTests.xctest; sourceTree = BUILT_PRODUCTS_DIR; };
		A20000010000000000000021 /* ReleaseClientTests.swift */ = {isa = PBXFileReference; lastKnownFileType = sourcecode.swift; path = ReleaseClientTests.swift; sourceTree = "<group>"; };
		A20000010000000000000022 /* ReleaseFeedTests.swift */ = {isa = PBXFileReference; lastKnownFileType = sourcecode.swift; path = ReleaseFeedTests.swift; sourceTree = "<group>"; };
		A20000010000000000000023 /* SemanticVersionTests.swift */ = {isa = PBXFileReference; lastKnownFileType = sourcecode.swift; path = SemanticVersionTests.swift; sourceTree = "<group>"; };
		A20000010000000000000024 /* Fixtures */ = {isa = PBXFileReference; lastKnownFileType = folder; path = Fixtures; sourceTree = "<group>"; };
		A20000010000000000000025 /* BundleModule.swift */ = {isa = PBXFileReference; lastKnownFileType = sourcecode.swift; path = BundleModule.swift; sourceTree = "<group>"; };
/* End PBXFileReference section */

/* Begin PBXFrameworksBuildPhase section */
		A30000010000000000000001 /* Frameworks */ = {
			isa = PBXFrameworksBuildPhase;
			buildActionMask = 2147483647;
			files = (
				AB0000000000000000000001 /* ObolUpdateCore in Frameworks */,
			);
			runOnlyForDeploymentPostprocessing = 0;
		};
		A30000010000000000000006 /* Frameworks */ = {
			isa = PBXFrameworksBuildPhase;
			buildActionMask = 2147483647;
			files = (
				AB0000000000000000000007 /* ObolUpdateCore in Frameworks */,
			);
			runOnlyForDeploymentPostprocessing = 0;
		};
/* End PBXFrameworksBuildPhase section */

/* Begin PBXGroup section */
		A40000010000000000000000 = {
			isa = PBXGroup;
			children = (
				A40000010000000000000001 /* Sources */,
				A40000010000000000000002 /* Resources */,
				A40000010000000000000005 /* Tests */,
				A40000010000000000000003 /* Products */,
			);
			sourceTree = "<group>";
		};
		A40000010000000000000001 /* Sources */ = {
			isa = PBXGroup;
			children = (
				A20000010000000000000001 /* ObolApp.swift */,
				A20000010000000000000002 /* DaemonController.swift */,
				A20000010000000000000003 /* UsageClient.swift */,
				A20000010000000000000004 /* PopoverView.swift */,
				A20000010000000000000009 /* WidgetStyle.swift */,
				A20000010000000000000005 /* Notifier.swift */,
				A20000010000000000000011 /* UpdateController.swift */,
				A20000010000000000000012 /* UpdateInstaller.swift */,
			);
			path = Obol/Sources;
			sourceTree = "<group>";
		};
		A40000010000000000000002 /* Resources */ = {
			isa = PBXGroup;
			children = (
				A20000010000000000000006 /* Info.plist */,
				A20000010000000000000010 /* Assets.xcassets */,
			);
			path = Obol/Resources;
			sourceTree = "<group>";
		};
		A40000010000000000000003 /* Products */ = {
			isa = PBXGroup;
			children = (
				A20000010000000000000000 /* Obol.app */,
				A20000010000000000000020 /* ObolUpdateCoreTests.xctest */,
			);
			name = Products;
			sourceTree = "<group>";
		};
		A40000010000000000000005 /* ObolUpdateCoreTests */ = {
			isa = PBXGroup;
			children = (
				A20000010000000000000021 /* ReleaseClientTests.swift */,
				A20000010000000000000022 /* ReleaseFeedTests.swift */,
				A20000010000000000000023 /* SemanticVersionTests.swift */,
				A20000010000000000000025 /* BundleModule.swift */,
				A20000010000000000000024 /* Fixtures */,
			);
			path = Tests/ObolUpdateCoreTests;
			sourceTree = "<group>";
		};
/* End PBXGroup section */

/* Begin XCLocalSwiftPackageReference section */
		AA0000000000000000000001 /* XCLocalSwiftPackageReference "." */ = {
			isa = XCLocalSwiftPackageReference;
			relativePath = ".";
		};
/* End XCLocalSwiftPackageReference section */

/* Begin XCSwiftPackageProductDependency section */
		AA0000000000000000000002 /* ObolUpdateCore */ = {
			isa = XCSwiftPackageProductDependency;
			productName = ObolUpdateCore;
		};
		AA0000000000000000000003 /* ObolUpdateCore */ = {
			isa = XCSwiftPackageProductDependency;
			productName = ObolUpdateCore;
		};
/* End XCSwiftPackageProductDependency section */

/* Begin PBXNativeTarget section */
		A50000010000000000000001 /* Obol */ = {
			isa = PBXNativeTarget;
			buildConfigurationList = A70000010000000000000002 /* Build configuration list for PBXNativeTarget "Obol" */;
			buildPhases = (
				A30000010000000000000002 /* Sources */,
				A30000010000000000000001 /* Frameworks */,
				A30000010000000000000003 /* Resources */,
				A30000010000000000000004 /* Bundle daemon */,
			);
			buildRules = (
			);
			dependencies = (
			);
			name = Obol;
			productName = Obol;
			productReference = A20000010000000000000000 /* Obol.app */;
			productType = "com.apple.product-type.application";
			packageProductDependencies = (
				AA0000000000000000000002 /* ObolUpdateCore */,
			);
		};
		A50000010000000000000002 /* ObolUpdateCoreTests */ = {
			isa = PBXNativeTarget;
			buildConfigurationList = A70000010000000000000003 /* Build configuration list for PBXNativeTarget "ObolUpdateCoreTests" */;
			buildPhases = (
				A30000010000000000000005 /* Sources */,
				A30000010000000000000006 /* Frameworks */,
				A30000010000000000000007 /* Resources */,
			);
			buildRules = (
			);
			dependencies = (
			);
			name = ObolUpdateCoreTests;
			productName = ObolUpdateCoreTests;
			productReference = A20000010000000000000020 /* ObolUpdateCoreTests.xctest */;
			productType = "com.apple.product-type.bundle.unit-test";
			packageProductDependencies = (
				AA0000000000000000000003 /* ObolUpdateCore */,
			);
		};
/* End PBXNativeTarget section */

/* Begin PBXProject section */
		A60000010000000000000001 /* Project object */ = {
			isa = PBXProject;
			attributes = {
				BuildIndependentTargetsInParallel = 1;
				LastSwiftUpdateCheck = 1640;
				LastUpgradeCheck = 1640;
			};
			buildConfigurationList = A70000010000000000000001 /* Build configuration list for PBXProject "Obol" */;
			compatibilityVersion = "Xcode 16.0";
			developmentRegion = en;
			hasScannedForEncodings = 0;
			knownRegions = (
				en,
				Base,
			);
			mainGroup = A40000010000000000000000;
			packageReferences = (
				AA0000000000000000000001 /* XCLocalSwiftPackageReference "." */,
			);
			productRefGroup = A40000010000000000000003 /* Products */;
			projectDirPath = "";
			projectRoot = "";
			targets = (
				A50000010000000000000001 /* Obol */,
				A50000010000000000000002 /* ObolUpdateCoreTests */,
			);
		};
/* End PBXProject section */

/* Begin PBXResourcesBuildPhase section */
		A30000010000000000000003 /* Resources */ = {
			isa = PBXResourcesBuildPhase;
			buildActionMask = 2147483647;
			files = (
				A10000010000000000000010 /* Assets.xcassets in Resources */,
			);
			runOnlyForDeploymentPostprocessing = 0;
		};
		A30000010000000000000007 /* Resources */ = {
			isa = PBXResourcesBuildPhase;
			buildActionMask = 2147483647;
			files = (
				AB0000000000000000000006 /* Fixtures in Resources */,
			);
			runOnlyForDeploymentPostprocessing = 0;
		};
/* End PBXResourcesBuildPhase section */

/* Begin PBXShellScriptBuildPhase section */
		A30000010000000000000004 /* Bundle daemon */ = {
			isa = PBXShellScriptBuildPhase;
			buildActionMask = 2147483647;
			files = (
			);
			inputPaths = (
				"$(SRCROOT)/scripts/bundle-daemon.sh",
				"$(SRCROOT)/../daemon/dist/index.bundle.js",
				"$(SRCROOT)/../daemon/package.json",
				"$(SRCROOT)/../dashboard/dist/index.html",
			);
			name = "Bundle daemon";
			outputPaths = (
				"$(TARGET_BUILD_DIR)/$(UNLOCALIZED_RESOURCES_FOLDER_PATH)/daemon/dist/index.js",
				"$(TARGET_BUILD_DIR)/$(UNLOCALIZED_RESOURCES_FOLDER_PATH)/dashboard/dist/index.html",
			);
			runOnlyForDeploymentPostprocessing = 0;
			shellPath = /bin/sh;
		shellScript = "set -e\n/bin/sh \"${SRCROOT}/scripts/bundle-daemon.sh\"\n";
		};
/* End PBXShellScriptBuildPhase section */

/* Begin PBXSourcesBuildPhase section */
		A30000010000000000000002 /* Sources */ = {
			isa = PBXSourcesBuildPhase;
			buildActionMask = 2147483647;
			files = (
				A10000010000000000000001 /* ObolApp.swift in Sources */,
				A10000010000000000000002 /* DaemonController.swift in Sources */,
				A10000010000000000000003 /* UsageClient.swift in Sources */,
				A10000010000000000000004 /* PopoverView.swift in Sources */,
				A10000010000000000000009 /* WidgetStyle.swift in Sources */,
				A10000010000000000000005 /* Notifier.swift in Sources */,
				A10000010000000000000011 /* UpdateController.swift in Sources */,
				A10000010000000000000012 /* UpdateInstaller.swift in Sources */,
			);
			runOnlyForDeploymentPostprocessing = 0;
		};
		A30000010000000000000005 /* Sources */ = {
			isa = PBXSourcesBuildPhase;
			buildActionMask = 2147483647;
			files = (
				AB0000000000000000000002 /* ReleaseClientTests.swift in Sources */,
				AB0000000000000000000003 /* ReleaseFeedTests.swift in Sources */,
				AB0000000000000000000004 /* SemanticVersionTests.swift in Sources */,
				AB0000000000000000000005 /* BundleModule.swift in Sources */,
			);
			runOnlyForDeploymentPostprocessing = 0;
		};
/* End PBXSourcesBuildPhase section */

/* Begin XCBuildConfiguration section */
		A80000010000000000000001 /* Debug */ = {
			isa = XCBuildConfiguration;
			buildSettings = {
				ALWAYS_SEARCH_USER_PATHS = NO;
				CLANG_ENABLE_MODULES = YES;
				CODE_SIGNING_ALLOWED = NO;
				CODE_SIGNING_REQUIRED = NO;
				DEBUG_INFORMATION_FORMAT = dwarf;
				GCC_C_LANGUAGE_STANDARD = gnu17;
				GENERATE_INFOPLIST_FILE = NO;
				INFOPLIST_FILE = Obol/Resources/Info.plist;
				ASSETCATALOG_COMPILER_APPICON_NAME = AppIcon;
				ARCHS = "$(ARCHS_STANDARD)";
				CURRENT_PROJECT_VERSION = 1;
				ONLY_ACTIVE_ARCH = YES;
				MACOSX_DEPLOYMENT_TARGET = 13.0;
				MARKETING_VERSION = 0.3.0;
				PRODUCT_BUNDLE_IDENTIFIER = com.aakritsubedi.obol;
				PRODUCT_NAME = "$(TARGET_NAME)";
				SDKROOT = macosx;
				SWIFT_OPTIMIZATION_LEVEL = "-Onone";
				SWIFT_VERSION = 5.0;
				TARGETED_DEVICE_FAMILY = 1;
			};
			name = Debug;
		};
		A80000010000000000000002 /* Release */ = {
			isa = XCBuildConfiguration;
			buildSettings = {
				ALWAYS_SEARCH_USER_PATHS = NO;
				CLANG_ENABLE_MODULES = YES;
				CODE_SIGNING_ALLOWED = NO;
				CODE_SIGNING_REQUIRED = NO;
				DEBUG_INFORMATION_FORMAT = "dwarf-with-dsym";
				GCC_C_LANGUAGE_STANDARD = gnu17;
				GENERATE_INFOPLIST_FILE = NO;
				INFOPLIST_FILE = Obol/Resources/Info.plist;
				ASSETCATALOG_COMPILER_APPICON_NAME = AppIcon;
				ARCHS = "$(ARCHS_STANDARD)";
				CURRENT_PROJECT_VERSION = 1;
				ONLY_ACTIVE_ARCH = NO;
				MACOSX_DEPLOYMENT_TARGET = 13.0;
				MARKETING_VERSION = 0.3.0;
				PRODUCT_BUNDLE_IDENTIFIER = com.aakritsubedi.obol;
				PRODUCT_NAME = "$(TARGET_NAME)";
				SDKROOT = macosx;
				SWIFT_OPTIMIZATION_LEVEL = "-O";
				SWIFT_VERSION = 5.0;
				TARGETED_DEVICE_FAMILY = 1;
			};
			name = Release;
		};
		A80000010000000000000003 /* Project Debug */ = {
			isa = XCBuildConfiguration;
			buildSettings = {
				ALWAYS_SEARCH_USER_PATHS = NO;
				CLANG_ENABLE_MODULES = YES;
				CLANG_ENABLE_OBJC_ARC = YES;
				SWIFT_VERSION = 5.0;
			};
			name = Debug;
		};
		A80000010000000000000004 /* Project Release */ = {
			isa = XCBuildConfiguration;
			buildSettings = {
				ALWAYS_SEARCH_USER_PATHS = NO;
				CLANG_ENABLE_MODULES = YES;
				CLANG_ENABLE_OBJC_ARC = YES;
				SWIFT_VERSION = 5.0;
			};
			name = Release;
		};
		A80000010000000000000005 /* Debug */ = {
			isa = XCBuildConfiguration;
			buildSettings = {
				ALWAYS_SEARCH_USER_PATHS = NO;
				CLANG_ENABLE_MODULES = YES;
				CODE_SIGNING_ALLOWED = NO;
				CODE_SIGNING_REQUIRED = NO;
				DEBUG_INFORMATION_FORMAT = dwarf;
				GCC_C_LANGUAGE_STANDARD = gnu17;
				GENERATE_INFOPLIST_FILE = YES;
				ARCHS = "$(ARCHS_STANDARD)";
				ONLY_ACTIVE_ARCH = YES;
				MACOSX_DEPLOYMENT_TARGET = 13.0;
				MARKETING_VERSION = 0.3.0;
				PRODUCT_BUNDLE_IDENTIFIER = com.aakritsubedi.obol.tests;
				PRODUCT_NAME = "$(TARGET_NAME)";
				SDKROOT = macosx;
				SWIFT_OPTIMIZATION_LEVEL = "-Onone";
				SWIFT_VERSION = 5.0;
				TARGETED_DEVICE_FAMILY = 1;
			};
			name = Debug;
		};
		A80000010000000000000006 /* Release */ = {
			isa = XCBuildConfiguration;
			buildSettings = {
				ALWAYS_SEARCH_USER_PATHS = NO;
				CLANG_ENABLE_MODULES = YES;
				CODE_SIGNING_ALLOWED = NO;
				CODE_SIGNING_REQUIRED = NO;
				DEBUG_INFORMATION_FORMAT = "dwarf-with-dsym";
				GCC_C_LANGUAGE_STANDARD = gnu17;
				GENERATE_INFOPLIST_FILE = YES;
				ARCHS = "$(ARCHS_STANDARD)";
				ONLY_ACTIVE_ARCH = NO;
				MACOSX_DEPLOYMENT_TARGET = 13.0;
				MARKETING_VERSION = 0.3.0;
				PRODUCT_BUNDLE_IDENTIFIER = com.aakritsubedi.obol.tests;
				PRODUCT_NAME = "$(TARGET_NAME)";
				SDKROOT = macosx;
				SWIFT_OPTIMIZATION_LEVEL = "-O";
				SWIFT_VERSION = 5.0;
				TARGETED_DEVICE_FAMILY = 1;
			};
			name = Release;
		};
/* End XCBuildConfiguration section */

/* Begin XCConfigurationList section */
		A70000010000000000000001 /* Build configuration list for PBXProject "Obol" */ = {
			isa = XCConfigurationList;
			buildConfigurations = (
				A80000010000000000000003 /* Project Debug */,
				A80000010000000000000004 /* Project Release */,
			);
			defaultConfigurationIsVisible = 0;
			defaultConfigurationName = Release;
		};
		A70000010000000000000002 /* Build configuration list for PBXNativeTarget "Obol" */ = {
			isa = XCConfigurationList;
			buildConfigurations = (
				A80000010000000000000001 /* Debug */,
				A80000010000000000000002 /* Release */,
			);
			defaultConfigurationIsVisible = 0;
			defaultConfigurationName = Release;
		};
		A70000010000000000000003 /* Build configuration list for PBXNativeTarget "ObolUpdateCoreTests" */ = {
			isa = XCConfigurationList;
			buildConfigurations = (
				A80000010000000000000005 /* Debug */,
				A80000010000000000000006 /* Release */,
			);
			defaultConfigurationIsVisible = 0;
			defaultConfigurationName = Release;
		};
/* End XCConfigurationList section */
	};
	rootObject = A60000010000000000000001 /* Project object */;
}
